// !$*UTF8*$!
{
	archiveVersion = 1;
	classes = {
	};
	objectVersion = 55;
	objects = {

/* Begin PBXBuildFile section */
		9243D3FA298ED51300F530AD /* Output.swift in Sources */ = {isa = PBXBuildFile; fileRef = 9243D3F9298ED51300F530AD /* Output.swift */; };
		9248A93827A99298001DB54E /* FileHelper.swift in Sources */ = {isa = PBXBuildFile; fileRef = 9248A93727A99298001DB54E /* FileHelper.swift */; };
		9248A93A27A993F0001DB54E /* Character-1.json in Resources */ = {isa = PBXBuildFile; fileRef = 9248A93927A993F0001DB54E /* Character-1.json */; };
		9248A93C27A994E9001DB54E /* Character-2.json in Resources */ = {isa = PBXBuildFile; fileRef = 9248A93B27A994E9001DB54E /* Character-2.json */; };
		9248A94227A99C93001DB54E /* ImageCache.swift in Sources */ = {isa = PBXBuildFile; fileRef = 9248A94127A99C93001DB54E /* ImageCache.swift */; };
		9248A94427A9A385001DB54E /* MockURLProtocol.swift in Sources */ = {isa = PBXBuildFile; fileRef = 9248A94327A9A385001DB54E /* MockURLProtocol.swift */; };
		9248A94627A9A4F0001DB54E /* ImageDownloaderTests.swift in Sources */ = {isa = PBXBuildFile; fileRef = 9248A94527A9A4F0001DB54E /* ImageDownloaderTests.swift */; };
		9248A94827A9A55B001DB54E /* Images.xcassets in Resources */ = {isa = PBXBuildFile; fileRef = 9248A94727A9A55B001DB54E /* Images.xcassets */; };
		9248A94A27A9CB19001DB54E /* ImageAsset.swift in Sources */ = {isa = PBXBuildFile; fileRef = 9248A94927A9CB19001DB54E /* ImageAsset.swift */; };
		9248A94C27A9D4AC001DB54E /* ImageView.swift in Sources */ = {isa = PBXBuildFile; fileRef = 9248A94B27A9D4AC001DB54E /* ImageView.swift */; };
		9248A94F27AB1F76001DB54E /* CharacterListViewModel.swift in Sources */ = {isa = PBXBuildFile; fileRef = 9248A94E27AB1F76001DB54E /* CharacterListViewModel.swift */; };
		9248A95227AB2EBB001DB54E /* CharacterListViewModelTests.swift in Sources */ = {isa = PBXBuildFile; fileRef = 9248A95127AB2EBB001DB54E /* CharacterListViewModelTests.swift */; };
		9248A95527AB350D001DB54E /* CharacterListViewController.swift in Sources */ = {isa = PBXBuildFile; fileRef = 9248A95427AB350D001DB54E /* CharacterListViewController.swift */; };
		9248A95727AB35CD001DB54E /* BaseViewController.swift in Sources */ = {isa = PBXBuildFile; fileRef = 9248A95627AB35CD001DB54E /* BaseViewController.swift */; };
		9248A95927AB3CD2001DB54E /* CharacterCell.swift in Sources */ = {isa = PBXBuildFile; fileRef = 9248A95827AB3CD2001DB54E /* CharacterCell.swift */; };
		9260715D28B7745600099C2A /* MockContainer.swift in Sources */ = {isa = PBXBuildFile; fileRef = 9260715C28B7745600099C2A /* MockContainer.swift */; };
		92930CAC27A8806E005D1B5E /* AppDelegate.swift in Sources */ = {isa = PBXBuildFile; fileRef = 92930CAB27A8806E005D1B5E /* AppDelegate.swift */; };
		92930CB527A88070005D1B5E /* Assets.xcassets in Resources */ = {isa = PBXBuildFile; fileRef = 92930CB427A88070005D1B5E /* Assets.xcassets */; };
		92930CB827A88070005D1B5E /* LaunchScreen.storyboard in Resources */ = {isa = PBXBuildFile; fileRef = 92930CB627A88070005D1B5E /* LaunchScreen.storyboard */; };
		92930CCD27A88070005D1B5E /* RickAndMortyUITests.swift in Sources */ = {isa = PBXBuildFile; fileRef = 92930CCC27A88070005D1B5E /* RickAndMortyUITests.swift */; };
		92930CDC27A880C3005D1B5E /* NetworkProtocol.swift in Sources */ = {isa = PBXBuildFile; fileRef = 92930CDB27A880C3005D1B5E /* NetworkProtocol.swift */; };
		92930CDF27A884F0005D1B5E /* NetworkLayerTests.swift in Sources */ = {isa = PBXBuildFile; fileRef = 92930CDE27A884F0005D1B5E /* NetworkLayerTests.swift */; };
		92930CE127A889FF005D1B5E /* NetworkLayer.swift in Sources */ = {isa = PBXBuildFile; fileRef = 92930CE027A889FF005D1B5E /* NetworkLayer.swift */; };
		92930CE827A8928F005D1B5E /* Character.swift in Sources */ = {isa = PBXBuildFile; fileRef = 92930CE727A8928F005D1B5E /* Character.swift */; };
		92930CEA27A892A8005D1B5E /* PageData.swift in Sources */ = {isa = PBXBuildFile; fileRef = 92930CE927A892A8005D1B5E /* PageData.swift */; };
		92930CED27A895C9005D1B5E /* ListRepositoryProtocol.swift in Sources */ = {isa = PBXBuildFile; fileRef = 92930CEC27A895C9005D1B5E /* ListRepositoryProtocol.swift */; };
		92930CF027A8988A005D1B5E /* URLProvider.swift in Sources */ = {isa = PBXBuildFile; fileRef = 92930CEF27A8988A005D1B5E /* URLProvider.swift */; };
		92930CF227A898EB005D1B5E /* CharacterRepository.swift in Sources */ = {isa = PBXBuildFile; fileRef = 92930CF127A898EB005D1B5E /* CharacterRepository.swift */; };
		92930CF427A89D51005D1B5E /* CharacterRepositoryTests.swift in Sources */ = {isa = PBXBuildFile; fileRef = 92930CF327A89D51005D1B5E /* CharacterRepositoryTests.swift */; };
		92930CF627A8A55D005D1B5E /* CharacterRepositoryProtocol.swift in Sources */ = {isa = PBXBuildFile; fileRef = 92930CF527A8A55D005D1B5E /* CharacterRepositoryProtocol.swift */; };
		92930CF827A8A65B005D1B5E /* MockNetworkLayer.swift in Sources */ = {isa = PBXBuildFile; fileRef = 92930CF727A8A65B005D1B5E /* MockNetworkLayer.swift */; };
		9297CF7528B82980007C462C /* ToastMessageTests.swift in Sources */ = {isa = PBXBuildFile; fileRef = 9297CF7428B82980007C462C /* ToastMessageTests.swift */; };
		92FA1C2427ABEE3000BA8D70 /* MainViewController.swift in Sources */ = {isa = PBXBuildFile; fileRef = 92FA1C2327ABEE3000BA8D70 /* MainViewController.swift */; };
		92FA1C2727ABF2E400BA8D70 /* Coordinator.swift in Sources */ = {isa = PBXBuildFile; fileRef = 92FA1C2627ABF2E400BA8D70 /* Coordinator.swift */; };
		92FA1C2927ABF30200BA8D70 /* CharacterCoordinator.swift in Sources */ = {isa = PBXBuildFile; fileRef = 92FA1C2827ABF30200BA8D70 /* CharacterCoordinator.swift */; };
		92FA1C2B27ABF48800BA8D70 /* AppCoordinator.swift in Sources */ = {isa = PBXBuildFile; fileRef = 92FA1C2A27ABF48800BA8D70 /* AppCoordinator.swift */; };
		92FA1C2D27ABF8C900BA8D70 /* MainViewController.xib in Resources */ = {isa = PBXBuildFile; fileRef = 92FA1C2C27ABF8C900BA8D70 /* MainViewController.xib */; };
		92FA1C3327AC0A5A00BA8D70 /* Swinject in Frameworks */ = {isa = PBXBuildFile; productRef = 92FA1C3227AC0A5A00BA8D70 /* Swinject */; };
		92FA1C3627AC0AB500BA8D70 /* AppContainer.swift in Sources */ = {isa = PBXBuildFile; fileRef = 92FA1C3527AC0AB500BA8D70 /* AppContainer.swift */; };
		92FA1C3827AC13E500BA8D70 /* Location.swift in Sources */ = {isa = PBXBuildFile; fileRef = 92FA1C3727AC13E500BA8D70 /* Location.swift */; };
		92FA1C3A27AC158000BA8D70 /* LocationRepositoryProtocol.swift in Sources */ = {isa = PBXBuildFile; fileRef = 92FA1C3927AC158000BA8D70 /* LocationRepositoryProtocol.swift */; };
		92FA1C3C27AC15D400BA8D70 /* LocationRepository.swift in Sources */ = {isa = PBXBuildFile; fileRef = 92FA1C3B27AC15D400BA8D70 /* LocationRepository.swift */; };
		92FA1C3E27AC175300BA8D70 /* LocationListViewModel.swift in Sources */ = {isa = PBXBuildFile; fileRef = 92FA1C3D27AC175300BA8D70 /* LocationListViewModel.swift */; };
		92FA1C4027AC191400BA8D70 /* GenericCell.swift in Sources */ = {isa = PBXBuildFile; fileRef = 92FA1C3F27AC191400BA8D70 /* GenericCell.swift */; };
		92FA1C4327AC19DE00BA8D70 /* LocationListViewController.swift in Sources */ = {isa = PBXBuildFile; fileRef = 92FA1C4227AC19DE00BA8D70 /* LocationListViewController.swift */; };
		92FA1C4527AC1A5200BA8D70 /* LocationCoordinator.swift in Sources */ = {isa = PBXBuildFile; fileRef = 92FA1C4427AC1A5200BA8D70 /* LocationCoordinator.swift */; };
		92FA1C4727AC1C5700BA8D70 /* Localizable.strings in Resources */ = {isa = PBXBuildFile; fileRef = 92FA1C4627AC1C5600BA8D70 /* Localizable.strings */; };
		92FA1C4A27AC1CF900BA8D70 /* String+Extensions.swift in Sources */ = {isa = PBXBuildFile; fileRef = 92FA1C4927AC1CF900BA8D70 /* String+Extensions.swift */; };
		92FA1C4C27AC1E0200BA8D70 /* ToastMessage.swift in Sources */ = {isa = PBXBuildFile; fileRef = 92FA1C4B27AC1E0200BA8D70 /* ToastMessage.swift */; };
		92FA32CE27AB3FAF00E4FE13 /* BaseCell.swift in Sources */ = {isa = PBXBuildFile; fileRef = 92FA32CD27AB3FAF00E4FE13 /* BaseCell.swift */; };
		92FA32D327AB458600E4FE13 /* CharacterListViewControllerTests.swift in Sources */ = {isa = PBXBuildFile; fileRef = 92FA32D227AB458600E4FE13 /* CharacterListViewControllerTests.swift */; };
		92FE7E642A56E99700C23447 /* Page.swift in Sources */ = {isa = PBXBuildFile; fileRef = 92FE7E632A56E99700C23447 /* Page.swift */; };
		92FE7E662A56EDB700C23447 /* LocationsPage.swift in Sources */ = {isa = PBXBuildFile; fileRef = 92FE7E652A56EDB700C23447 /* LocationsPage.swift */; };
		92FE7E682A56F33100C23447 /* CharactersPage.swift in Sources */ = {isa = PBXBuildFile; fileRef = 92FE7E672A56F33100C23447 /* CharactersPage.swift */; };
/* End PBXBuildFile section */

/* Begin PBXContainerItemProxy section */
		92930CBF27A88070005D1B5E /* PBXContainerItemProxy */ = {
			isa = PBXContainerItemProxy;
			containerPortal = 92930CA027A8806E005D1B5E /* Project object */;
			proxyType = 1;
			remoteGlobalIDString = 92930CA727A8806E005D1B5E;
			remoteInfo = RickAndMorty;
		};
		92930CC927A88070005D1B5E /* PBXContainerItemProxy */ = {
			isa = PBXContainerItemProxy;
			containerPortal = 92930CA027A8806E005D1B5E /* Project object */;
			proxyType = 1;
			remoteGlobalIDString = 92930CA727A8806E005D1B5E;
			remoteInfo = RickAndMorty;
		};
/* End PBXContainerItemProxy section */

/* Begin PBXFileReference section */
		9243D3F9298ED51300F530AD /* Output.swift */ = {isa = PBXFileReference; lastKnownFileType = sourcecode.swift; path = Output.swift; sourceTree = "<group>"; };
		9248A93727A99298001DB54E /* FileHelper.swift */ = {isa = PBXFileReference; lastKnownFileType = sourcecode.swift; path = FileHelper.swift; sourceTree = "<group>"; };
		9248A93927A993F0001DB54E /* Character-1.json */ = {isa = PBXFileReference; fileEncoding = 4; lastKnownFileType = text.json; path = "Character-1.json"; sourceTree = "<group>"; };
		9248A93B27A994E9001DB54E /* Character-2.json */ = {isa = PBXFileReference; fileEncoding = 4; lastKnownFileType = text.json; path = "Character-2.json"; sourceTree = "<group>"; };
		9248A94127A99C93001DB54E /* ImageCache.swift */ = {isa = PBXFileReference; lastKnownFileType = sourcecode.swift; path = ImageCache.swift; sourceTree = "<group>"; };
		9248A94327A9A385001DB54E /* MockURLProtocol.swift */ = {isa = PBXFileReference; lastKnownFileType = sourcecode.swift; path = MockURLProtocol.swift; sourceTree = "<group>"; };
		9248A94527A9A4F0001DB54E /* ImageDownloaderTests.swift */ = {isa = PBXFileReference; lastKnownFileType = sourcecode.swift; path = ImageDownloaderTests.swift; sourceTree = "<group>"; };
		9248A94727A9A55B001DB54E /* Images.xcassets */ = {isa = PBXFileReference; lastKnownFileType = folder.assetcatalog; path = Images.xcassets; sourceTree = "<group>"; };
		9248A94927A9CB19001DB54E /* ImageAsset.swift */ = {isa = PBXFileReference; lastKnownFileType = sourcecode.swift; path = ImageAsset.swift; sourceTree = "<group>"; };
		9248A94B27A9D4AC001DB54E /* ImageView.swift */ = {isa = PBXFileReference; lastKnownFileType = sourcecode.swift; path = ImageView.swift; sourceTree = "<group>"; };
		9248A94E27AB1F76001DB54E /* CharacterListViewModel.swift */ = {isa = PBXFileReference; lastKnownFileType = sourcecode.swift; path = CharacterListViewModel.swift; sourceTree = "<group>"; };
		9248A95127AB2EBB001DB54E /* CharacterListViewModelTests.swift */ = {isa = PBXFileReference; lastKnownFileType = sourcecode.swift; path = CharacterListViewModelTests.swift; sourceTree = "<group>"; };
		9248A95427AB350D001DB54E /* CharacterListViewController.swift */ = {isa = PBXFileReference; lastKnownFileType = sourcecode.swift; path = CharacterListViewController.swift; sourceTree = "<group>"; };
		9248A95627AB35CD001DB54E /* BaseViewController.swift */ = {isa = PBXFileReference; lastKnownFileType = sourcecode.swift; path = BaseViewController.swift; sourceTree = "<group>"; };
		9248A95827AB3CD2001DB54E /* CharacterCell.swift */ = {isa = PBXFileReference; lastKnownFileType = sourcecode.swift; path = CharacterCell.swift; sourceTree = "<group>"; };
		9260715C28B7745600099C2A /* MockContainer.swift */ = {isa = PBXFileReference; lastKnownFileType = sourcecode.swift; path = MockContainer.swift; sourceTree = "<group>"; };
		92930CA827A8806E005D1B5E /* RickAndMorty.app */ = {isa = PBXFileReference; explicitFileType = wrapper.application; includeInIndex = 0; path = RickAndMorty.app; sourceTree = BUILT_PRODUCTS_DIR; };
		92930CAB27A8806E005D1B5E /* AppDelegate.swift */ = {isa = PBXFileReference; lastKnownFileType = sourcecode.swift; path = AppDelegate.swift; sourceTree = "<group>"; };
		92930CB427A88070005D1B5E /* Assets.xcassets */ = {isa = PBXFileReference; lastKnownFileType = folder.assetcatalog; path = Assets.xcassets; sourceTree = "<group>"; };
		92930CB727A88070005D1B5E /* Base */ = {isa = PBXFileReference; lastKnownFileType = file.storyboard; name = Base; path = Base.lproj/LaunchScreen.storyboard; sourceTree = "<group>"; };
		92930CB927A88070005D1B5E /* Info.plist */ = {isa = PBXFileReference; lastKnownFileType = text.plist.xml; path = Info.plist; sourceTree = "<group>"; };
		92930CBE27A88070005D1B5E /* RickAndMortyTests.xctest */ = {isa = PBXFileReference; explicitFileType = wrapper.cfbundle; includeInIndex = 0; path = RickAndMortyTests.xctest; sourceTree = BUILT_PRODUCTS_DIR; };
		92930CC827A88070005D1B5E /* RickAndMortyUITests.xctest */ = {isa = PBXFileReference; explicitFileType = wrapper.cfbundle; includeInIndex = 0; path = RickAndMortyUITests.xctest; sourceTree = BUILT_PRODUCTS_DIR; };
		92930CCC27A88070005D1B5E /* RickAndMortyUITests.swift */ = {isa = PBXFileReference; lastKnownFileType = sourcecode.swift; path = RickAndMortyUITests.swift; sourceTree = "<group>"; };
		92930CDB27A880C3005D1B5E /* NetworkProtocol.swift */ = {isa = PBXFileReference; lastKnownFileType = sourcecode.swift; path = NetworkProtocol.swift; sourceTree = "<group>"; };
		92930CDE27A884F0005D1B5E /* NetworkLayerTests.swift */ = {isa = PBXFileReference; lastKnownFileType = sourcecode.swift; path = NetworkLayerTests.swift; sourceTree = "<group>"; };
		92930CE027A889FF005D1B5E /* NetworkLayer.swift */ = {isa = PBXFileReference; lastKnownFileType = sourcecode.swift; path = NetworkLayer.swift; sourceTree = "<group>"; };
		92930CE727A8928F005D1B5E /* Character.swift */ = {isa = PBXFileReference; lastKnownFileType = sourcecode.swift; path = Character.swift; sourceTree = "<group>"; };
		92930CE927A892A8005D1B5E /* PageData.swift */ = {isa = PBXFileReference; lastKnownFileType = sourcecode.swift; path = PageData.swift; sourceTree = "<group>"; };
		92930CEC27A895C9005D1B5E /* ListRepositoryProtocol.swift */ = {isa = PBXFileReference; lastKnownFileType = sourcecode.swift; path = ListRepositoryProtocol.swift; sourceTree = "<group>"; };
		92930CEF27A8988A005D1B5E /* URLProvider.swift */ = {isa = PBXFileReference; lastKnownFileType = sourcecode.swift; path = URLProvider.swift; sourceTree = "<group>"; };
		92930CF127A898EB005D1B5E /* CharacterRepository.swift */ = {isa = PBXFileReference; lastKnownFileType = sourcecode.swift; path = CharacterRepository.swift; sourceTree = "<group>"; };
		92930CF327A89D51005D1B5E /* CharacterRepositoryTests.swift */ = {isa = PBXFileReference; lastKnownFileType = sourcecode.swift; path = CharacterRepositoryTests.swift; sourceTree = "<group>"; };
		92930CF527A8A55D005D1B5E /* CharacterRepositoryProtocol.swift */ = {isa = PBXFileReference; lastKnownFileType = sourcecode.swift; path = CharacterRepositoryProtocol.swift; sourceTree = "<group>"; };
		92930CF727A8A65B005D1B5E /* MockNetworkLayer.swift */ = {isa = PBXFileReference; lastKnownFileType = sourcecode.swift; path = MockNetworkLayer.swift; sourceTree = "<group>"; };
		9297CF7428B82980007C462C /* ToastMessageTests.swift */ = {isa = PBXFileReference; lastKnownFileType = sourcecode.swift; path = ToastMessageTests.swift; sourceTree = "<group>"; };
		92FA1C2327ABEE3000BA8D70 /* MainViewController.swift */ = {isa = PBXFileReference; lastKnownFileType = sourcecode.swift; path = MainViewController.swift; sourceTree = "<group>"; };
		92FA1C2627ABF2E400BA8D70 /* Coordinator.swift */ = {isa = PBXFileReference; lastKnownFileType = sourcecode.swift; path = Coordinator.swift; sourceTree = "<group>"; };
		92FA1C2827ABF30200BA8D70 /* CharacterCoordinator.swift */ = {isa = PBXFileReference; lastKnownFileType = sourcecode.swift; path = CharacterCoordinator.swift; sourceTree = "<group>"; };
		92FA1C2A27ABF48800BA8D70 /* AppCoordinator.swift */ = {isa = PBXFileReference; lastKnownFileType = sourcecode.swift; path = AppCoordinator.swift; sourceTree = "<group>"; };
		92FA1C2C27ABF8C900BA8D70 /* MainViewController.xib */ = {isa = PBXFileReference; lastKnownFileType = file.xib; path = MainViewController.xib; sourceTree = "<group>"; };
		92FA1C3527AC0AB500BA8D70 /* AppContainer.swift */ = {isa = PBXFileReference; lastKnownFileType = sourcecode.swift; path = AppContainer.swift; sourceTree = "<group>"; };
		92FA1C3727AC13E500BA8D70 /* Location.swift */ = {isa = PBXFileReference; lastKnownFileType = sourcecode.swift; path = Location.swift; sourceTree = "<group>"; };
		92FA1C3927AC158000BA8D70 /* LocationRepositoryProtocol.swift */ = {isa = PBXFileReference; lastKnownFileType = sourcecode.swift; path = LocationRepositoryProtocol.swift; sourceTree = "<group>"; };
		92FA1C3B27AC15D400BA8D70 /* LocationRepository.swift */ = {isa = PBXFileReference; lastKnownFileType = sourcecode.swift; path = LocationRepository.swift; sourceTree = "<group>"; };
		92FA1C3D27AC175300BA8D70 /* LocationListViewModel.swift */ = {isa = PBXFileReference; lastKnownFileType = sourcecode.swift; path = LocationListViewModel.swift; sourceTree = "<group>"; };
		92FA1C3F27AC191400BA8D70 /* GenericCell.swift */ = {isa = PBXFileReference; lastKnownFileType = sourcecode.swift; path = GenericCell.swift; sourceTree = "<group>"; };
		92FA1C4227AC19DE00BA8D70 /* LocationListViewController.swift */ = {isa = PBXFileReference; lastKnownFileType = sourcecode.swift; path = LocationListViewController.swift; sourceTree = "<group>"; };
		92FA1C4427AC1A5200BA8D70 /* LocationCoordinator.swift */ = {isa = PBXFileReference; lastKnownFileType = sourcecode.swift; path = LocationCoordinator.swift; sourceTree = "<group>"; };
		92FA1C4627AC1C5600BA8D70 /* Localizable.strings */ = {isa = PBXFileReference; lastKnownFileType = text.plist.strings; path = Localizable.strings; sourceTree = "<group>"; };
		92FA1C4927AC1CF900BA8D70 /* String+Extensions.swift */ = {isa = PBXFileReference; lastKnownFileType = sourcecode.swift; path = "String+Extensions.swift"; sourceTree = "<group>"; };
		92FA1C4B27AC1E0200BA8D70 /* ToastMessage.swift */ = {isa = PBXFileReference; lastKnownFileType = sourcecode.swift; path = ToastMessage.swift; sourceTree = "<group>"; };
		92FA32CD27AB3FAF00E4FE13 /* BaseCell.swift */ = {isa = PBXFileReference; lastKnownFileType = sourcecode.swift; path = BaseCell.swift; sourceTree = "<group>"; };
		92FA32D227AB458600E4FE13 /* CharacterListViewControllerTests.swift */ = {isa = PBXFileReference; lastKnownFileType = sourcecode.swift; path = CharacterListViewControllerTests.swift; sourceTree = "<group>"; };
		92FE7E632A56E99700C23447 /* Page.swift */ = {isa = PBXFileReference; lastKnownFileType = sourcecode.swift; path = Page.swift; sourceTree = "<group>"; };
		92FE7E652A56EDB700C23447 /* LocationsPage.swift */ = {isa = PBXFileReference; lastKnownFileType = sourcecode.swift; path = LocationsPage.swift; sourceTree = "<group>"; };
		92FE7E672A56F33100C23447 /* CharactersPage.swift */ = {isa = PBXFileReference; lastKnownFileType = sourcecode.swift; path = CharactersPage.swift; sourceTree = "<group>"; };
/* End PBXFileReference section */

/* Begin PBXFrameworksBuildPhase section */
		92930CA527A8806E005D1B5E /* Frameworks */ = {
			isa = PBXFrameworksBuildPhase;
			buildActionMask = 2147483647;
			files = (
				92FA1C3327AC0A5A00BA8D70 /* Swinject in Frameworks */,
			);
			runOnlyForDeploymentPostprocessing = 0;
		};
		92930CBB27A88070005D1B5E /* Frameworks */ = {
			isa = PBXFrameworksBuildPhase;
			buildActionMask = 2147483647;
			files = (
			);
			runOnlyForDeploymentPostprocessing = 0;
		};
		92930CC527A88070005D1B5E /* Frameworks */ = {
			isa = PBXFrameworksBuildPhase;
			buildActionMask = 2147483647;
			files = (
			);
			runOnlyForDeploymentPostprocessing = 0;
		};
/* End PBXFrameworksBuildPhase section */

/* Begin PBXGroup section */
		9248A93D27A996B9001DB54E /* MockData */ = {
			isa = PBXGroup;
			children = (
				9248A94727A9A55B001DB54E /* Images.xcassets */,
				9248A93927A993F0001DB54E /* Character-1.json */,
				9248A93B27A994E9001DB54E /* Character-2.json */,
			);
			path = MockData;
			sourceTree = "<group>";
		};
		9248A93E27A996C9001DB54E /* TestUtilities */ = {
			isa = PBXGroup;
			children = (
				9248A93727A99298001DB54E /* FileHelper.swift */,
				92930CF727A8A65B005D1B5E /* MockNetworkLayer.swift */,
				9248A94327A9A385001DB54E /* MockURLProtocol.swift */,
				9260715C28B7745600099C2A /* MockContainer.swift */,
			);
			path = TestUtilities;
			sourceTree = "<group>";
		};
		9248A94D27A9D4B2001DB54E /* UIComponents */ = {
			isa = PBXGroup;
			children = (
				9248A94B27A9D4AC001DB54E /* ImageView.swift */,
				9248A95627AB35CD001DB54E /* BaseViewController.swift */,
				92FA32CD27AB3FAF00E4FE13 /* BaseCell.swift */,
				92FA1C3F27AC191400BA8D70 /* GenericCell.swift */,
				92FA1C4B27AC1E0200BA8D70 /* ToastMessage.swift */,
			);
			path = UIComponents;
			sourceTree = "<group>";
		};
		9248A95027AB1F82001DB54E /* ViewModels */ = {
			isa = PBXGroup;
			children = (
				9248A94E27AB1F76001DB54E /* CharacterListViewModel.swift */,
				92FA1C3D27AC175300BA8D70 /* LocationListViewModel.swift */,
			);
			path = ViewModels;
			sourceTree = "<group>";
		};
		9248A95327AB34EA001DB54E /* ViewControllers */ = {
			isa = PBXGroup;
			children = (
				92FA1C4127AC19C900BA8D70 /* LocationListViewController */,
				92FA1C2227ABEE1A00BA8D70 /* CharacterListViewController */,
				92FA1C2E27AC02A800BA8D70 /* MainViewController */,
			);
			path = ViewControllers;
			sourceTree = "<group>";
		};
		92930C9F27A8806E005D1B5E = {
			isa = PBXGroup;
			children = (
				92930CAA27A8806E005D1B5E /* RickAndMorty */,
				92930CC127A88070005D1B5E /* RickAndMortyTests */,
				92930CCB27A88070005D1B5E /* RickAndMortyUITests */,
				92930CA927A8806E005D1B5E /* Products */,
			);
			sourceTree = "<group>";
		};
		92930CA927A8806E005D1B5E /* Products */ = {
			isa = PBXGroup;
			children = (
				92930CA827A8806E005D1B5E /* RickAndMorty.app */,
				92930CBE27A88070005D1B5E /* RickAndMortyTests.xctest */,
				92930CC827A88070005D1B5E /* RickAndMortyUITests.xctest */,
			);
			name = Products;
			sourceTree = "<group>";
		};
		92930CAA27A8806E005D1B5E /* RickAndMorty */ = {
			isa = PBXGroup;
			children = (
				92930CE527A890E5005D1B5E /* Shared */,
				92FA1C3427AC0AA900BA8D70 /* Containers */,
				92FA1C2527ABF2B200BA8D70 /* Coordinators */,
				9248A95327AB34EA001DB54E /* ViewControllers */,
				9248A95027AB1F82001DB54E /* ViewModels */,
				92930CEE27A8982F005D1B5E /* Repositories */,
				92930CE327A89081005D1B5E /* Core */,
				9248A94D27A9D4B2001DB54E /* UIComponents */,
				92930CE627A891B3005D1B5E /* Resources */,
			);
			path = RickAndMorty;
			sourceTree = "<group>";
		};
		92930CC127A88070005D1B5E /* RickAndMortyTests */ = {
			isa = PBXGroup;
			children = (
				9248A93D27A996B9001DB54E /* MockData */,
				9248A93E27A996C9001DB54E /* TestUtilities */,
				92930CDE27A884F0005D1B5E /* NetworkLayerTests.swift */,
				92930CF327A89D51005D1B5E /* CharacterRepositoryTests.swift */,
				9248A94527A9A4F0001DB54E /* ImageDownloaderTests.swift */,
				9248A95127AB2EBB001DB54E /* CharacterListViewModelTests.swift */,
				92FA32D227AB458600E4FE13 /* CharacterListViewControllerTests.swift */,
				9297CF7428B82980007C462C /* ToastMessageTests.swift */,
			);
			path = RickAndMortyTests;
			sourceTree = "<group>";
		};
		92930CCB27A88070005D1B5E /* RickAndMortyUITests */ = {
			isa = PBXGroup;
			children = (
				92FE7E622A56E93200C23447 /* Pages */,
				92930CCC27A88070005D1B5E /* RickAndMortyUITests.swift */,
			);
			path = RickAndMortyUITests;
			sourceTree = "<group>";
		};
		92930CE227A89074005D1B5E /* Core */ = {
			isa = PBXGroup;
			children = (
				92930CEF27A8988A005D1B5E /* URLProvider.swift */,
				92930CDB27A880C3005D1B5E /* NetworkProtocol.swift */,
				92930CE027A889FF005D1B5E /* NetworkLayer.swift */,
				9248A94127A99C93001DB54E /* ImageCache.swift */,
				9248A94927A9CB19001DB54E /* ImageAsset.swift */,
				9243D3F9298ED51300F530AD /* Output.swift */,
			);
			path = Core;
			sourceTree = "<group>";
		};
		92930CE327A89081005D1B5E /* Core */ = {
			isa = PBXGroup;
			children = (
				92930CEB27A89585005D1B5E /* RepositoryProtocols */,
				92930CE427A890B8005D1B5E /* Models */,
				92930CE227A89074005D1B5E /* Core */,
			);
			path = Core;
			sourceTree = "<group>";
		};
		92930CE427A890B8005D1B5E /* Models */ = {
			isa = PBXGroup;
			children = (
				92930CE927A892A8005D1B5E /* PageData.swift */,
				92930CE727A8928F005D1B5E /* Character.swift */,
				92FA1C3727AC13E500BA8D70 /* Location.swift */,
			);
			path = Models;
			sourceTree = "<group>";
		};
		92930CE527A890E5005D1B5E /* Shared */ = {
			isa = PBXGroup;
			children = (
				92FA1C4827AC1CE200BA8D70 /* Extensions */,
				92930CAB27A8806E005D1B5E /* AppDelegate.swift */,
				92930CB927A88070005D1B5E /* Info.plist */,
			);
			path = Shared;
			sourceTree = "<group>";
		};
		92930CE627A891B3005D1B5E /* Resources */ = {
			isa = PBXGroup;
			children = (
				92930CB427A88070005D1B5E /* Assets.xcassets */,
				92930CB627A88070005D1B5E /* LaunchScreen.storyboard */,
				92FA1C4627AC1C5600BA8D70 /* Localizable.strings */,
			);
			path = Resources;
			sourceTree = "<group>";
		};
		92930CEB27A89585005D1B5E /* RepositoryProtocols */ = {
			isa = PBXGroup;
			children = (
				92930CEC27A895C9005D1B5E /* ListRepositoryProtocol.swift */,
				92930CF527A8A55D005D1B5E /* CharacterRepositoryProtocol.swift */,
				92FA1C3927AC158000BA8D70 /* LocationRepositoryProtocol.swift */,
			);
			path = RepositoryProtocols;
			sourceTree = "<group>";
		};
		92930CEE27A8982F005D1B5E /* Repositories */ = {
			isa = PBXGroup;
			children = (
				92930CF127A898EB005D1B5E /* CharacterRepository.swift */,
				92FA1C3B27AC15D400BA8D70 /* LocationRepository.swift */,
			);
			path = Repositories;
			sourceTree = "<group>";
		};
		92FA1C2227ABEE1A00BA8D70 /* CharacterListViewController */ = {
			isa = PBXGroup;
			children = (
				9248A95427AB350D001DB54E /* CharacterListViewController.swift */,
				9248A95827AB3CD2001DB54E /* CharacterCell.swift */,
			);
			path = CharacterListViewController;
			sourceTree = "<group>";
		};
		92FA1C2527ABF2B200BA8D70 /* Coordinators */ = {
			isa = PBXGroup;
			children = (
				92FA1C2627ABF2E400BA8D70 /* Coordinator.swift */,
				92FA1C2A27ABF48800BA8D70 /* AppCoordinator.swift */,
				92FA1C2827ABF30200BA8D70 /* CharacterCoordinator.swift */,
				92FA1C4427AC1A5200BA8D70 /* LocationCoordinator.swift */,
			);
			path = Coordinators;
			sourceTree = "<group>";
		};
		92FA1C2E27AC02A800BA8D70 /* MainViewController */ = {
			isa = PBXGroup;
			children = (
				92FA1C2327ABEE3000BA8D70 /* MainViewController.swift */,
				92FA1C2C27ABF8C900BA8D70 /* MainViewController.xib */,
			);
			path = MainViewController;
			sourceTree = "<group>";
		};
		92FA1C3427AC0AA900BA8D70 /* Containers */ = {
			isa = PBXGroup;
			children = (
				92FA1C3527AC0AB500BA8D70 /* AppContainer.swift */,
			);
			path = Containers;
			sourceTree = "<group>";
		};
		92FA1C4127AC19C900BA8D70 /* LocationListViewController */ = {
			isa = PBXGroup;
			children = (
				92FA1C4227AC19DE00BA8D70 /* LocationListViewController.swift */,
			);
			path = LocationListViewController;
			sourceTree = "<group>";
		};
		92FA1C4827AC1CE200BA8D70 /* Extensions */ = {
			isa = PBXGroup;
			children = (
				92FA1C4927AC1CF900BA8D70 /* String+Extensions.swift */,
			);
			path = Extensions;
			sourceTree = "<group>";
		};
		92FE7E622A56E93200C23447 /* Pages */ = {
			isa = PBXGroup;
			children = (
				92FE7E632A56E99700C23447 /* Page.swift */,
				92FE7E672A56F33100C23447 /* CharactersPage.swift */,
				92FE7E652A56EDB700C23447 /* LocationsPage.swift */,
			);
			path = Pages;
			sourceTree = "<group>";
		};
/* End PBXGroup section */

/* Begin PBXNativeTarget section */
		92930CA727A8806E005D1B5E /* RickAndMorty */ = {
			isa = PBXNativeTarget;
			buildConfigurationList = 92930CD227A88070005D1B5E /* Build configuration list for PBXNativeTarget "RickAndMorty" */;
			buildPhases = (
				92930CA427A8806E005D1B5E /* Sources */,
				92930CA527A8806E005D1B5E /* Frameworks */,
				92930CA627A8806E005D1B5E /* Resources */,
			);
			buildRules = (
			);
			dependencies = (
			);
			name = RickAndMorty;
			packageProductDependencies = (
				92FA1C3227AC0A5A00BA8D70 /* Swinject */,
			);
			productName = RickAndMorty;
			productReference = 92930CA827A8806E005D1B5E /* RickAndMorty.app */;
			productType = "com.apple.product-type.application";
		};
		92930CBD27A88070005D1B5E /* RickAndMortyTests */ = {
			isa = PBXNativeTarget;
			buildConfigurationList = 92930CD527A88070005D1B5E /* Build configuration list for PBXNativeTarget "RickAndMortyTests" */;
			buildPhases = (
				92930CBA27A88070005D1B5E /* Sources */,
				92930CBB27A88070005D1B5E /* Frameworks */,
				92930CBC27A88070005D1B5E /* Resources */,
			);
			buildRules = (
			);
			dependencies = (
				92930CC027A88070005D1B5E /* PBXTargetDependency */,
			);
			name = RickAndMortyTests;
			packageProductDependencies = (
			);
			productName = RickAndMortyTests;
			productReference = 92930CBE27A88070005D1B5E /* RickAndMortyTests.xctest */;
			productType = "com.apple.product-type.bundle.unit-test";
		};
		92930CC727A88070005D1B5E /* RickAndMortyUITests */ = {
			isa = PBXNativeTarget;
			buildConfigurationList = 92930CD827A88070005D1B5E /* Build configuration list for PBXNativeTarget "RickAndMortyUITests" */;
			buildPhases = (
				92930CC427A88070005D1B5E /* Sources */,
				92930CC527A88070005D1B5E /* Frameworks */,
				92930CC627A88070005D1B5E /* Resources */,
			);
			buildRules = (
			);
			dependencies = (
				92930CCA27A88070005D1B5E /* PBXTargetDependency */,
			);
			name = RickAndMortyUITests;
			productName = RickAndMortyUITests;
			productReference = 92930CC827A88070005D1B5E /* RickAndMortyUITests.xctest */;
			productType = "com.apple.product-type.bundle.ui-testing";
		};
/* End PBXNativeTarget section */

/* Begin PBXProject section */
		92930CA027A8806E005D1B5E /* Project object */ = {
			isa = PBXProject;
			attributes = {
				BuildIndependentTargetsInParallel = 1;
				LastSwiftUpdateCheck = 1300;
				LastUpgradeCheck = 1300;
				TargetAttributes = {
					92930CA727A8806E005D1B5E = {
						CreatedOnToolsVersion = 13.0;
					};
					92930CBD27A88070005D1B5E = {
						CreatedOnToolsVersion = 13.0;
						TestTargetID = 92930CA727A8806E005D1B5E;
					};
					92930CC727A88070005D1B5E = {
						CreatedOnToolsVersion = 13.0;
						TestTargetID = 92930CA727A8806E005D1B5E;
					};
				};
			};
			buildConfigurationList = 92930CA327A8806E005D1B5E /* Build configuration list for PBXProject "RickAndMorty" */;
			compatibilityVersion = "Xcode 13.0";
			developmentRegion = en;
			hasScannedForEncodings = 0;
			knownRegions = (
				en,
				Base,
			);
			mainGroup = 92930C9F27A8806E005D1B5E;
			packageReferences = (
				92FA1C3127AC0A5A00BA8D70 /* XCRemoteSwiftPackageReference "Swinject" */,
			);
			productRefGroup = 92930CA927A8806E005D1B5E /* Products */;
			projectDirPath = "";
			projectRoot = "";
			targets = (
				92930CA727A8806E005D1B5E /* RickAndMorty */,
				92930CBD27A88070005D1B5E /* RickAndMortyTests */,
				92930CC727A88070005D1B5E /* RickAndMortyUITests */,
			);
		};
/* End PBXProject section */

/* Begin PBXResourcesBuildPhase section */
		92930CA627A8806E005D1B5E /* Resources */ = {
			isa = PBXResourcesBuildPhase;
			buildActionMask = 2147483647;
			files = (
				92930CB827A88070005D1B5E /* LaunchScreen.storyboard in Resources */,
				92FA1C4727AC1C5700BA8D70 /* Localizable.strings in Resources */,
				92FA1C2D27ABF8C900BA8D70 /* MainViewController.xib in Resources */,
				92930CB527A88070005D1B5E /* Assets.xcassets in Resources */,
			);
			runOnlyForDeploymentPostprocessing = 0;
		};
		92930CBC27A88070005D1B5E /* Resources */ = {
			isa = PBXResourcesBuildPhase;
			buildActionMask = 2147483647;
			files = (
				9248A93C27A994E9001DB54E /* Character-2.json in Resources */,
				9248A94827A9A55B001DB54E /* Images.xcassets in Resources */,
				9248A93A27A993F0001DB54E /* Character-1.json in Resources */,
			);
			runOnlyForDeploymentPostprocessing = 0;
		};
		92930CC627A88070005D1B5E /* Resources */ = {
			isa = PBXResourcesBuildPhase;
			buildActionMask = 2147483647;
			files = (
			);
			runOnlyForDeploymentPostprocessing = 0;
		};
/* End PBXResourcesBuildPhase section */

/* Begin PBXSourcesBuildPhase section */
		92930CA427A8806E005D1B5E /* Sources */ = {
			isa = PBXSourcesBuildPhase;
			buildActionMask = 2147483647;
			files = (
				9248A94F27AB1F76001DB54E /* CharacterListViewModel.swift in Sources */,
				9248A94C27A9D4AC001DB54E /* ImageView.swift in Sources */,
				92FA1C2927ABF30200BA8D70 /* CharacterCoordinator.swift in Sources */,
				92FA1C3627AC0AB500BA8D70 /* AppContainer.swift in Sources */,
				92FA1C3A27AC158000BA8D70 /* LocationRepositoryProtocol.swift in Sources */,
				92FA1C4527AC1A5200BA8D70 /* LocationCoordinator.swift in Sources */,
				9248A94227A99C93001DB54E /* ImageCache.swift in Sources */,
				92930CF027A8988A005D1B5E /* URLProvider.swift in Sources */,
				9248A95527AB350D001DB54E /* CharacterListViewController.swift in Sources */,
				92FA1C2B27ABF48800BA8D70 /* AppCoordinator.swift in Sources */,
				9248A95727AB35CD001DB54E /* BaseViewController.swift in Sources */,
				92FA1C3827AC13E500BA8D70 /* Location.swift in Sources */,
				92FA1C2727ABF2E400BA8D70 /* Coordinator.swift in Sources */,
				92FA1C4027AC191400BA8D70 /* GenericCell.swift in Sources */,
				92930CF227A898EB005D1B5E /* CharacterRepository.swift in Sources */,
				92930CDC27A880C3005D1B5E /* NetworkProtocol.swift in Sources */,
				92930CED27A895C9005D1B5E /* ListRepositoryProtocol.swift in Sources */,
				92FA1C3C27AC15D400BA8D70 /* LocationRepository.swift in Sources */,
				92930CAC27A8806E005D1B5E /* AppDelegate.swift in Sources */,
				9248A94A27A9CB19001DB54E /* ImageAsset.swift in Sources */,
				92FA32CE27AB3FAF00E4FE13 /* BaseCell.swift in Sources */,
				9248A95927AB3CD2001DB54E /* CharacterCell.swift in Sources */,
				92930CEA27A892A8005D1B5E /* PageData.swift in Sources */,
				92930CE127A889FF005D1B5E /* NetworkLayer.swift in Sources */,
				9243D3FA298ED51300F530AD /* Output.swift in Sources */,
				92FA1C3E27AC175300BA8D70 /* LocationListViewModel.swift in Sources */,
				92FA1C4327AC19DE00BA8D70 /* LocationListViewController.swift in Sources */,
				92FA1C2427ABEE3000BA8D70 /* MainViewController.swift in Sources */,
				92FA1C4A27AC1CF900BA8D70 /* String+Extensions.swift in Sources */,
				92FA1C4C27AC1E0200BA8D70 /* ToastMessage.swift in Sources */,
				92930CE827A8928F005D1B5E /* Character.swift in Sources */,
				92930CF627A8A55D005D1B5E /* CharacterRepositoryProtocol.swift in Sources */,
			);
			runOnlyForDeploymentPostprocessing = 0;
		};
		92930CBA27A88070005D1B5E /* Sources */ = {
			isa = PBXSourcesBuildPhase;
			buildActionMask = 2147483647;
			files = (
				92930CDF27A884F0005D1B5E /* NetworkLayerTests.swift in Sources */,
				9297CF7528B82980007C462C /* ToastMessageTests.swift in Sources */,
				92930CF427A89D51005D1B5E /* CharacterRepositoryTests.swift in Sources */,
				9248A94627A9A4F0001DB54E /* ImageDownloaderTests.swift in Sources */,
				9248A95227AB2EBB001DB54E /* CharacterListViewModelTests.swift in Sources */,
				92FA32D327AB458600E4FE13 /* CharacterListViewControllerTests.swift in Sources */,
				9260715D28B7745600099C2A /* MockContainer.swift in Sources */,
				9248A94427A9A385001DB54E /* MockURLProtocol.swift in Sources */,
				92930CF827A8A65B005D1B5E /* MockNetworkLayer.swift in Sources */,
				9248A93827A99298001DB54E /* FileHelper.swift in Sources */,
			);
			runOnlyForDeploymentPostprocessing = 0;
		};
		92930CC427A88070005D1B5E /* Sources */ = {
			isa = PBXSourcesBuildPhase;
			buildActionMask = 2147483647;
			files = (
				92FE7E682A56F33100C23447 /* CharactersPage.swift in Sources */,
				92930CCD27A88070005D1B5E /* RickAndMortyUITests.swift in Sources */,
				92FE7E662A56EDB700C23447 /* LocationsPage.swift in Sources */,
				92FE7E642A56E99700C23447 /* Page.swift in Sources */,
			);
			runOnlyForDeploymentPostprocessing = 0;
		};
/* End PBXSourcesBuildPhase section */

/* Begin PBXTargetDependency section */
		92930CC027A88070005D1B5E /* PBXTargetDependency */ = {
			isa = PBXTargetDependency;
			target = 92930CA727A8806E005D1B5E /* RickAndMorty */;
			targetProxy = 92930CBF27A88070005D1B5E /* PBXContainerItemProxy */;
		};
		92930CCA27A88070005D1B5E /* PBXTargetDependency */ = {
			isa = PBXTargetDependency;
			target = 92930CA727A8806E005D1B5E /* RickAndMorty */;
			targetProxy = 92930CC927A88070005D1B5E /* PBXContainerItemProxy */;
		};
/* End PBXTargetDependency section */

/* Begin PBXVariantGroup section */
		92930CB627A88070005D1B5E /* LaunchScreen.storyboard */ = {
			isa = PBXVariantGroup;
			children = (
				92930CB727A88070005D1B5E /* Base */,
			);
			name = LaunchScreen.storyboard;
			sourceTree = "<group>";
		};
/* End PBXVariantGroup section */

/* Begin XCBuildConfiguration section */
		92930CD027A88070005D1B5E /* Debug */ = {
			isa = XCBuildConfiguration;
			buildSettings = {
				ALWAYS_SEARCH_USER_PATHS = NO;
				CLANG_ANALYZER_NONNULL = YES;
				CLANG_ANALYZER_NUMBER_OBJECT_CONVERSION = YES_AGGRESSIVE;
				CLANG_CXX_LANGUAGE_STANDARD = "gnu++17";
				CLANG_CXX_LIBRARY = "libc++";
				CLANG_ENABLE_MODULES = YES;
				CLANG_ENABLE_OBJC_ARC = YES;
				CLANG_ENABLE_OBJC_WEAK = YES;
				CLANG_WARN_BLOCK_CAPTURE_AUTORELEASING = YES;
				CLANG_WARN_BOOL_CONVERSION = YES;
				CLANG_WARN_COMMA = YES;
				CLANG_WARN_CONSTANT_CONVERSION = YES;
				CLANG_WARN_DEPRECATED_OBJC_IMPLEMENTATIONS = YES;
				CLANG_WARN_DIRECT_OBJC_ISA_USAGE = YES_ERROR;
				CLANG_WARN_DOCUMENTATION_COMMENTS = YES;
				CLANG_WARN_EMPTY_BODY = YES;
				CLANG_WARN_ENUM_CONVERSION = YES;
				CLANG_WARN_INFINITE_RECURSION = YES;
				CLANG_WARN_INT_CONVERSION = YES;
				CLANG_WARN_NON_LITERAL_NULL_CONVERSION = YES;
				CLANG_WARN_OBJC_IMPLICIT_RETAIN_SELF = YES;
				CLANG_WARN_OBJC_LITERAL_CONVERSION = YES;
				CLANG_WARN_OBJC_ROOT_CLASS = YES_ERROR;
				CLANG_WARN_QUOTED_INCLUDE_IN_FRAMEWORK_HEADER = YES;
				CLANG_WARN_RANGE_LOOP_ANALYSIS = YES;
				CLANG_WARN_STRICT_PROTOTYPES = YES;
				CLANG_WARN_SUSPICIOUS_MOVE = YES;
				CLANG_WARN_UNGUARDED_AVAILABILITY = YES_AGGRESSIVE;
				CLANG_WARN_UNREACHABLE_CODE = YES;
				CLANG_WARN__DUPLICATE_METHOD_MATCH = YES;
				COPY_PHASE_STRIP = NO;
				DEBUG_INFORMATION_FORMAT = dwarf;
				ENABLE_STRICT_OBJC_MSGSEND = YES;
				ENABLE_TESTABILITY = YES;
				GCC_C_LANGUAGE_STANDARD = gnu11;
				GCC_DYNAMIC_NO_PIC = NO;
				GCC_NO_COMMON_BLOCKS = YES;
				GCC_OPTIMIZATION_LEVEL = 0;
				GCC_PREPROCESSOR_DEFINITIONS = (
					"DEBUG=1",
					"$(inherited)",
				);
				GCC_WARN_64_TO_32_BIT_CONVERSION = YES;
				GCC_WARN_ABOUT_RETURN_TYPE = YES_ERROR;
				GCC_WARN_UNDECLARED_SELECTOR = YES;
				GCC_WARN_UNINITIALIZED_AUTOS = YES_AGGRESSIVE;
				GCC_WARN_UNUSED_FUNCTION = YES;
				GCC_WARN_UNUSED_VARIABLE = YES;
				IPHONEOS_DEPLOYMENT_TARGET = 13.0;
				MTL_ENABLE_DEBUG_INFO = INCLUDE_SOURCE;
				MTL_FAST_MATH = YES;
				ONLY_ACTIVE_ARCH = YES;
				SDKROOT = iphoneos;
				SWIFT_ACTIVE_COMPILATION_CONDITIONS = DEBUG;
				SWIFT_OPTIMIZATION_LEVEL = "-Onone";
			};
			name = Debug;
		};
		92930CD127A88070005D1B5E /* Release */ = {
			isa = XCBuildConfiguration;
			buildSettings = {
				ALWAYS_SEARCH_USER_PATHS = NO;
				CLANG_ANALYZER_NONNULL = YES;
				CLANG_ANALYZER_NUMBER_OBJECT_CONVERSION = YES_AGGRESSIVE;
				CLANG_CXX_LANGUAGE_STANDARD = "gnu++17";
				CLANG_CXX_LIBRARY = "libc++";
				CLANG_ENABLE_MODULES = YES;
				CLANG_ENABLE_OBJC_ARC = YES;
				CLANG_ENABLE_OBJC_WEAK = YES;
				CLANG_WARN_BLOCK_CAPTURE_AUTORELEASING = YES;
				CLANG_WARN_BOOL_CONVERSION = YES;
				CLANG_WARN_COMMA = YES;
				CLANG_WARN_CONSTANT_CONVERSION = YES;
				CLANG_WARN_DEPRECATED_OBJC_IMPLEMENTATIONS = YES;
				CLANG_WARN_DIRECT_OBJC_ISA_USAGE = YES_ERROR;
				CLANG_WARN_DOCUMENTATION_COMMENTS = YES;
				CLANG_WARN_EMPTY_BODY = YES;
				CLANG_WARN_ENUM_CONVERSION = YES;
				CLANG_WARN_INFINITE_RECURSION = YES;
				CLANG_WARN_INT_CONVERSION = YES;
				CLANG_WARN_NON_LITERAL_NULL_CONVERSION = YES;
				CLANG_WARN_OBJC_IMPLICIT_RETAIN_SELF = YES;
				CLANG_WARN_OBJC_LITERAL_CONVERSION = YES;
				CLANG_WARN_OBJC_ROOT_CLASS = YES_ERROR;
				CLANG_WARN_QUOTED_INCLUDE_IN_FRAMEWORK_HEADER = YES;
				CLANG_WARN_RANGE_LOOP_ANALYSIS = YES;
				CLANG_WARN_STRICT_PROTOTYPES = YES;
				CLANG_WARN_SUSPICIOUS_MOVE = YES;
				CLANG_WARN_UNGUARDED_AVAILABILITY = YES_AGGRESSIVE;
				CLANG_WARN_UNREACHABLE_CODE = YES;
				CLANG_WARN__DUPLICATE_METHOD_MATCH = YES;
				COPY_PHASE_STRIP = NO;
				DEBUG_INFORMATION_FORMAT = "dwarf-with-dsym";
				ENABLE_NS_ASSERTIONS = NO;
				ENABLE_STRICT_OBJC_MSGSEND = YES;
				GCC_C_LANGUAGE_STANDARD = gnu11;
				GCC_NO_COMMON_BLOCKS = YES;
				GCC_WARN_64_TO_32_BIT_CONVERSION = YES;
				GCC_WARN_ABOUT_RETURN_TYPE = YES_ERROR;
				GCC_WARN_UNDECLARED_SELECTOR = YES;
				GCC_WARN_UNINITIALIZED_AUTOS = YES_AGGRESSIVE;
				GCC_WARN_UNUSED_FUNCTION = YES;
				GCC_WARN_UNUSED_VARIABLE = YES;
				IPHONEOS_DEPLOYMENT_TARGET = 13.0;
				MTL_ENABLE_DEBUG_INFO = NO;
				MTL_FAST_MATH = YES;
				SDKROOT = iphoneos;
				SWIFT_COMPILATION_MODE = wholemodule;
				SWIFT_OPTIMIZATION_LEVEL = "-O";
				VALIDATE_PRODUCT = YES;
			};
			name = Release;
		};
		92930CD327A88070005D1B5E /* Debug */ = {
			isa = XCBuildConfiguration;
			buildSettings = {
				ASSETCATALOG_COMPILER_APPICON_NAME = AppIcon;
				ASSETCATALOG_COMPILER_GLOBAL_ACCENT_COLOR_NAME = AccentColor;
				CODE_SIGN_STYLE = Automatic;
				CURRENT_PROJECT_VERSION = 1;
				GENERATE_INFOPLIST_FILE = YES;
				INFOPLIST_FILE = RickAndMorty/Shared/Info.plist;
				INFOPLIST_KEY_UIApplicationSupportsIndirectInputEvents = YES;
				INFOPLIST_KEY_UILaunchStoryboardName = LaunchScreen;
				INFOPLIST_KEY_UISupportedInterfaceOrientations = UIInterfaceOrientationPortrait;
				INFOPLIST_KEY_UISupportedInterfaceOrientations_iPad = "UIInterfaceOrientationPortrait UIInterfaceOrientationPortraitUpsideDown UIInterfaceOrientationLandscapeLeft UIInterfaceOrientationLandscapeRight";
				INFOPLIST_KEY_UISupportedInterfaceOrientations_iPhone = UIInterfaceOrientationPortrait;
				IPHONEOS_DEPLOYMENT_TARGET = 13.0;
				LD_RUNPATH_SEARCH_PATHS = (
					"$(inherited)",
					"@executable_path/Frameworks",
				);
				MARKETING_VERSION = 1.0;
				PRODUCT_BUNDLE_IDENTIFIER = com.pyarandi.RickAndMorty;
				PRODUCT_NAME = "$(TARGET_NAME)";
				SWIFT_EMIT_LOC_STRINGS = YES;
				SWIFT_VERSION = 5.0;
				TARGETED_DEVICE_FAMILY = "1,2";
			};
			name = Debug;
		};
		92930CD427A88070005D1B5E /* Release */ = {
			isa = XCBuildConfiguration;
			buildSettings = {
				ASSETCATALOG_COMPILER_APPICON_NAME = AppIcon;
				ASSETCATALOG_COMPILER_GLOBAL_ACCENT_COLOR_NAME = AccentColor;
				CODE_SIGN_STYLE = Automatic;
				CURRENT_PROJECT_VERSION = 1;
				GENERATE_INFOPLIST_FILE = YES;
				INFOPLIST_FILE = RickAndMorty/Shared/Info.plist;
				INFOPLIST_KEY_UIApplicationSupportsIndirectInputEvents = YES;
				INFOPLIST_KEY_UILaunchStoryboardName = LaunchScreen;
				INFOPLIST_KEY_UISupportedInterfaceOrientations = UIInterfaceOrientationPortrait;
				INFOPLIST_KEY_UISupportedInterfaceOrientations_iPad = "UIInterfaceOrientationPortrait UIInterfaceOrientationPortraitUpsideDown UIInterfaceOrientationLandscapeLeft UIInterfaceOrientationLandscapeRight";
				INFOPLIST_KEY_UISupportedInterfaceOrientations_iPhone = UIInterfaceOrientationPortrait;
				IPHONEOS_DEPLOYMENT_TARGET = 13.0;
				LD_RUNPATH_SEARCH_PATHS = (
					"$(inherited)",
					"@executable_path/Frameworks",
				);
				MARKETING_VERSION = 1.0;
				PRODUCT_BUNDLE_IDENTIFIER = com.pyarandi.RickAndMorty;
				PRODUCT_NAME = "$(TARGET_NAME)";
				SWIFT_EMIT_LOC_STRINGS = YES;
				SWIFT_VERSION = 5.0;
				TARGETED_DEVICE_FAMILY = "1,2";
			};
			name = Release;
		};
		92930CD627A88070005D1B5E /* Debug */ = {
			isa = XCBuildConfiguration;
			buildSettings = {
				ALWAYS_EMBED_SWIFT_STANDARD_LIBRARIES = YES;
				BUNDLE_LOADER = "$(TEST_HOST)";
				CODE_SIGN_STYLE = Automatic;
				CURRENT_PROJECT_VERSION = 1;
				GENERATE_INFOPLIST_FILE = YES;
				IPHONEOS_DEPLOYMENT_TARGET = 13.0;
				LD_RUNPATH_SEARCH_PATHS = (
					"$(inherited)",
					"@executable_path/Frameworks",
					"@loader_path/Frameworks",
				);
				MARKETING_VERSION = 1.0;
				PRODUCT_BUNDLE_IDENTIFIER = com.pyarandi.RickAndMortyTests;
				PRODUCT_NAME = "$(TARGET_NAME)";
				SWIFT_EMIT_LOC_STRINGS = NO;
				SWIFT_VERSION = 5.0;
				TARGETED_DEVICE_FAMILY = "1,2";
				TEST_HOST = "$(BUILT_PRODUCTS_DIR)/RickAndMorty.app/RickAndMorty";
			};
			name = Debug;
		};
		92930CD727A88070005D1B5E /* Release */ = {
			isa = XCBuildConfiguration;
			buildSettings = {
				ALWAYS_EMBED_SWIFT_STANDARD_LIBRARIES = YES;
				BUNDLE_LOADER = "$(TEST_HOST)";
				CODE_SIGN_STYLE = Automatic;
				CURRENT_PROJECT_VERSION = 1;
				GENERATE_INFOPLIST_FILE = YES;
				IPHONEOS_DEPLOYMENT_TARGET = 13.0;
				LD_RUNPATH_SEARCH_PATHS = (
					"$(inherited)",
					"@executable_path/Frameworks",
					"@loader_path/Frameworks",
				);
				MARKETING_VERSION = 1.0;
				PRODUCT_BUNDLE_IDENTIFIER = com.pyarandi.RickAndMortyTests;
				PRODUCT_NAME = "$(TARGET_NAME)";
				SWIFT_EMIT_LOC_STRINGS = NO;
				SWIFT_VERSION = 5.0;
				TARGETED_DEVICE_FAMILY = "1,2";
				TEST_HOST = "$(BUILT_PRODUCTS_DIR)/RickAndMorty.app/RickAndMorty";
			};
			name = Release;
		};
		92930CD927A88070005D1B5E /* Debug */ = {
			isa = XCBuildConfiguration;
			buildSettings = {
				ALWAYS_EMBED_SWIFT_STANDARD_LIBRARIES = YES;
				CODE_SIGN_STYLE = Automatic;
				CURRENT_PROJECT_VERSION = 1;
				GENERATE_INFOPLIST_FILE = YES;
				LD_RUNPATH_SEARCH_PATHS = (
					"$(inherited)",
					"@executable_path/Frameworks",
					"@loader_path/Frameworks",
				);
				MARKETING_VERSION = 1.0;
				PRODUCT_BUNDLE_IDENTIFIER = com.pyarandi.RickAndMortyUITests;
				PRODUCT_NAME = "$(TARGET_NAME)";
				SWIFT_EMIT_LOC_STRINGS = NO;
				SWIFT_VERSION = 5.0;
				TARGETED_DEVICE_FAMILY = "1,2";
				TEST_TARGET_NAME = RickAndMorty;
			};
			name = Debug;
		};
		92930CDA27A88070005D1B5E /* Release */ = {
			isa = XCBuildConfiguration;
			buildSettings = {
				ALWAYS_EMBED_SWIFT_STANDARD_LIBRARIES = YES;
				CODE_SIGN_STYLE = Automatic;
				CURRENT_PROJECT_VERSION = 1;
				GENERATE_INFOPLIST_FILE = YES;
				LD_RUNPATH_SEARCH_PATHS = (
					"$(inherited)",
					"@executable_path/Frameworks",
					"@loader_path/Frameworks",
				);
				MARKETING_VERSION = 1.0;
				PRODUCT_BUNDLE_IDENTIFIER = com.pyarandi.RickAndMortyUITests;
				PRODUCT_NAME = "$(TARGET_NAME)";
				SWIFT_EMIT_LOC_STRINGS = NO;
				SWIFT_VERSION = 5.0;
				TARGETED_DEVICE_FAMILY = "1,2";
				TEST_TARGET_NAME = RickAndMorty;
			};
			name = Release;
		};
/* End XCBuildConfiguration section */

/* Begin XCConfigurationList section */
		92930CA327A8806E005D1B5E /* Build configuration list for PBXProject "RickAndMorty" */ = {
			isa = XCConfigurationList;
			buildConfigurations = (
				92930CD027A88070005D1B5E /* Debug */,
				92930CD127A88070005D1B5E /* Release */,
			);
			defaultConfigurationIsVisible = 0;
			defaultConfigurationName = Release;
		};
		92930CD227A88070005D1B5E /* Build configuration list for PBXNativeTarget "RickAndMorty" */ = {
			isa = XCConfigurationList;
			buildConfigurations = (
				92930CD327A88070005D1B5E /* Debug */,
				92930CD427A88070005D1B5E /* Release */,
			);
			defaultConfigurationIsVisible = 0;
			defaultConfigurationName = Release;
		};
		92930CD527A88070005D1B5E /* Build configuration list for PBXNativeTarget "RickAndMortyTests" */ = {
			isa = XCConfigurationList;
			buildConfigurations = (
				92930CD627A88070005D1B5E /* Debug */,
				92930CD727A88070005D1B5E /* Release */,
			);
			defaultConfigurationIsVisible = 0;
			defaultConfigurationName = Release;
		};
		92930CD827A88070005D1B5E /* Build configuration list for PBXNativeTarget "RickAndMortyUITests" */ = {
			isa = XCConfigurationList;
			buildConfigurations = (
				92930CD927A88070005D1B5E /* Debug */,
				92930CDA27A88070005D1B5E /* Release */,
			);
			defaultConfigurationIsVisible = 0;
			defaultConfigurationName = Release;
		};
/* End XCConfigurationList section */

/* Begin XCRemoteSwiftPackageReference section */
		92FA1C3127AC0A5A00BA8D70 /* XCRemoteSwiftPackageReference "Swinject" */ = {
			isa = XCRemoteSwiftPackageReference;
			repositoryURL = "https://github.com/Swinject/Swinject.git";
			requirement = {
				kind = upToNextMajorVersion;
				minimumVersion = 2.0.0;
			};
		};
/* End XCRemoteSwiftPackageReference section */

/* Begin XCSwiftPackageProductDependency section */
		92FA1C3227AC0A5A00BA8D70 /* Swinject */ = {
			isa = XCSwiftPackageProductDependency;
			package = 92FA1C3127AC0A5A00BA8D70 /* XCRemoteSwiftPackageReference "Swinject" */;
			productName = Swinject;
		};
/* End XCSwiftPackageProductDependency section */
	};
	rootObject = 92930CA027A8806E005D1B5E /* Project object */;
}
